
Microsoft Visual Studio Solution File, Format Version 12.00
# Visual Studio Version 16
VisualStudioVersion = 16.0.29102.190
MinimumVisualStudioVersion = 10.0.40219.1
Project("{9A19103F-16F7-4668-BE54-9A1E7A4F7556}") = "Lifti.Core", "Lifti.Core\Lifti.Core.csproj", "{6F736F83-883D-4790-B6BD-7C6ADD82664E}"
EndProject
Project("{9A19103F-16F7-4668-BE54-9A1E7A4F7556}") = "Lifti.Tests", "Lifti.Tests\Lifti.Tests.csproj", "{A941286C-A3B6-49EE-912A-65260BF8CD28}"
EndProject
Project("{2150E333-8FDC-42A3-9474-1A3956D46DE8}") = "Solution Items", "Solution Items", "{696D1CD2-CF04-4546-A20E-710AB127F021}"
	ProjectSection(SolutionItems) = preProject
		.editorconfig = .editorconfig
		README.md = README.md
	EndProjectSection
EndProject
Project("{FAE04EC0-301F-11D3-BF4B-00C04F79EFBC}") = "PerformanceProfiling", "PerformanceProfiling\PerformanceProfiling.csproj", "{B424FD1A-0516-461D-9EAE-46F06507F1C6}"
EndProject
Global
	GlobalSection(SolutionConfigurationPlatforms) = preSolution
		Debug|Any CPU = Debug|Any CPU
		Release|Any CPU = Release|Any CPU
	EndGlobalSection
	GlobalSection(ProjectConfigurationPlatforms) = postSolution
		{6F736F83-883D-4790-B6BD-7C6ADD82664E}.Debug|Any CPU.ActiveCfg = Debug|Any CPU
		{6F736F83-883D-4790-B6BD-7C6ADD82664E}.Debug|Any CPU.Build.0 = Debug|Any CPU
		{6F736F83-883D-4790-B6BD-7C6ADD82664E}.Release|Any CPU.ActiveCfg = Release|Any CPU
		{6F736F83-883D-4790-B6BD-7C6ADD82664E}.Release|Any CPU.Build.0 = Release|Any CPU
		{A941286C-A3B6-49EE-912A-65260BF8CD28}.Debug|Any CPU.ActiveCfg = Debug|Any CPU
		{A941286C-A3B6-49EE-912A-65260BF8CD28}.Debug|Any CPU.Build.0 = Debug|Any CPU
		{A941286C-A3B6-49EE-912A-65260BF8CD28}.Release|Any CPU.ActiveCfg = Release|Any CPU
		{A941286C-A3B6-49EE-912A-65260BF8CD28}.Release|Any CPU.Build.0 = Release|Any CPU
		{B424FD1A-0516-461D-9EAE-46F06507F1C6}.Debug|Any CPU.ActiveCfg = Debug|Any CPU
		{B424FD1A-0516-461D-9EAE-46F06507F1C6}.Debug|Any CPU.Build.0 = Debug|Any CPU
		{B424FD1A-0516-461D-9EAE-46F06507F1C6}.Release|Any CPU.ActiveCfg = Release|Any CPU
		{B424FD1A-0516-461D-9EAE-46F06507F1C6}.Release|Any CPU.Build.0 = Release|Any CPU
	EndGlobalSection
	GlobalSection(SolutionProperties) = preSolution
		HideSolutionNode = FALSE
	EndGlobalSection
	GlobalSection(ExtensibilityGlobals) = postSolution
		SolutionGuid = {CAF5B965-BA7E-4252-B325-27002CE752CC}
	EndGlobalSection
EndGlobal
