
Microsoft Visual Studio Solution File, Format Version 12.00
# Visual Studio Version 18
VisualStudioVersion = 18.3.11218.70 d18.3
MinimumVisualStudioVersion = 10.0.40219.1
Project("{9A19103F-16F7-4668-BE54-9A1E7A4F7556}") = "Lifti.Core", "src\Lifti.Core\Lifti.Core.csproj", "{6F736F83-883D-4790-B6BD-7C6ADD82664E}"
EndProject
Project("{9A19103F-16F7-4668-BE54-9A1E7A4F7556}") = "Lifti.Tests", "test\Lifti.Tests\Lifti.Tests.csproj", "{A941286C-A3B6-49EE-912A-65260BF8CD28}"
EndProject
Project("{2150E333-8FDC-42A3-9474-1A3956D46DE8}") = "Solution Items", "Solution Items", "{696D1CD2-CF04-4546-A20E-710AB127F021}"
	ProjectSection(SolutionItems) = preProject
		.editorconfig = .editorconfig
		.gitattributes = .gitattributes
		.gitignore = .gitignore
		.github\workflows\build-and-publish.yml = .github\workflows\build-and-publish.yml
		global.json = global.json
		LICENSE = LICENSE
		README.md = README.md
	EndProjectSection
EndProject
Project("{9A19103F-16F7-4668-BE54-9A1E7A4F7556}") = "PerformanceProfiling", "test\PerformanceProfiling\PerformanceProfiling.csproj", "{B424FD1A-0516-461D-9EAE-46F06507F1C6}"
EndProject
Project("{9A19103F-16F7-4668-BE54-9A1E7A4F7556}") = "TestConsole", "samples\TestConsole\TestConsole.csproj", "{598A0226-61CD-46C2-9BDB-E0E93290FF08}"
EndProject
Project("{2150E333-8FDC-42A3-9474-1A3956D46DE8}") = "test", "test", "{4ED3E4BC-A000-4B80-94CD-637BB76D3288}"
EndProject
Project("{2150E333-8FDC-42A3-9474-1A3956D46DE8}") = "Samples", "Samples", "{3F8110F6-5E82-41F9-BF5E-B9700F1F53FB}"
EndProject
Project("{2150E333-8FDC-42A3-9474-1A3956D46DE8}") = "Blazor", "Blazor", "{B2821F87-5C86-427E-B124-9723A712459C}"
EndProject
Project("{9A19103F-16F7-4668-BE54-9A1E7A4F7556}") = "Blazor", "samples\Blazor\Blazor.csproj", "{80712189-E4EE-49A1-B0EA-69C54CC1304E}"
EndProject
Global
	GlobalSection(SolutionConfigurationPlatforms) = preSolution
		Debug|Any CPU = Debug|Any CPU
		Release|Any CPU = Release|Any CPU
	EndGlobalSection
	GlobalSection(ProjectConfigurationPlatforms) = postSolution
		{6F736F83-883D-4790-B6BD-7C6ADD82664E}.Debug|Any CPU.ActiveCfg = Debug|Any CPU
		{6F736F83-883D-4790-B6BD-7C6ADD82664E}.Debug|Any CPU.Build.0 = Debug|Any CPU
		{6F736F83-883D-4790-B6BD-7C6ADD82664E}.Release|Any CPU.ActiveCfg = Release|Any CPU
		{6F736F83-883D-4790-B6BD-7C6ADD82664E}.Release|Any CPU.Build.0 = Release|Any CPU
		{A941286C-A3B6-49EE-912A-65260BF8CD28}.Debug|Any CPU.ActiveCfg = Debug|Any CPU
		{A941286C-A3B6-49EE-912A-65260BF8CD28}.Debug|Any CPU.Build.0 = Debug|Any CPU
		{A941286C-A3B6-49EE-912A-65260BF8CD28}.Release|Any CPU.ActiveCfg = Release|Any CPU
		{A941286C-A3B6-49EE-912A-65260BF8CD28}.Release|Any CPU.Build.0 = Release|Any CPU
		{B424FD1A-0516-461D-9EAE-46F06507F1C6}.Debug|Any CPU.ActiveCfg = Debug|Any CPU
		{B424FD1A-0516-461D-9EAE-46F06507F1C6}.Debug|Any CPU.Build.0 = Debug|Any CPU
		{B424FD1A-0516-461D-9EAE-46F06507F1C6}.Release|Any CPU.ActiveCfg = Release|Any CPU
		{B424FD1A-0516-461D-9EAE-46F06507F1C6}.Release|Any CPU.Build.0 = Release|Any CPU
		{598A0226-61CD-46C2-9BDB-E0E93290FF08}.Debug|Any CPU.ActiveCfg = Debug|Any CPU
		{598A0226-61CD-46C2-9BDB-E0E93290FF08}.Debug|Any CPU.Build.0 = Debug|Any CPU
		{598A0226-61CD-46C2-9BDB-E0E93290FF08}.Release|Any CPU.ActiveCfg = Release|Any CPU
		{598A0226-61CD-46C2-9BDB-E0E93290FF08}.Release|Any CPU.Build.0 = Release|Any CPU
		{80712189-E4EE-49A1-B0EA-69C54CC1304E}.Debug|Any CPU.ActiveCfg = Debug|Any CPU
		{80712189-E4EE-49A1-B0EA-69C54CC1304E}.Debug|Any CPU.Build.0 = Debug|Any CPU
		{80712189-E4EE-49A1-B0EA-69C54CC1304E}.Release|Any CPU.ActiveCfg = Release|Any CPU
		{80712189-E4EE-49A1-B0EA-69C54CC1304E}.Release|Any CPU.Build.0 = Release|Any CPU
	EndGlobalSection
	GlobalSection(SolutionProperties) = preSolution
		HideSolutionNode = FALSE
	EndGlobalSection
	GlobalSection(NestedProjects) = preSolution
		{A941286C-A3B6-49EE-912A-65260BF8CD28} = {4ED3E4BC-A000-4B80-94CD-637BB76D3288}
		{B424FD1A-0516-461D-9EAE-46F06507F1C6} = {4ED3E4BC-A000-4B80-94CD-637BB76D3288}
		{598A0226-61CD-46C2-9BDB-E0E93290FF08} = {3F8110F6-5E82-41F9-BF5E-B9700F1F53FB}
		{B2821F87-5C86-427E-B124-9723A712459C} = {3F8110F6-5E82-41F9-BF5E-B9700F1F53FB}
		{80712189-E4EE-49A1-B0EA-69C54CC1304E} = {B2821F87-5C86-427E-B124-9723A712459C}
	EndGlobalSection
	GlobalSection(ExtensibilityGlobals) = postSolution
		SolutionGuid = {CAF5B965-BA7E-4252-B325-27002CE752CC}
	EndGlobalSection
EndGlobal
